
Microsoft Visual Studio Solution File, Format Version 12.00
# Visual Studio Version 16
VisualStudioVersion = 16.0.30907.101
MinimumVisualStudioVersion = 10.0.40219.1
Project("{FAE04EC0-301F-11D3-BF4B-00C04F79EFBC}") = "CrimeInvestigation", "CrimeInvestigation\CrimeInvestigation.csproj", "{DA2A66C5-4601-4DF6-8723-D5C3DE2EB7DE}"
EndProject
Global
	GlobalSection(SolutionConfigurationPlatforms) = preSolution
		Debug|Any CPU = Debug|Any CPU
		Release|Any CPU = Release|Any CPU
	EndGlobalSection
	GlobalSection(ProjectConfigurationPlatforms) = postSolution
		{DA2A66C5-4601-4DF6-8723-D5C3DE2EB7DE}.Debug|Any CPU.ActiveCfg = Debug|Any CPU
		{DA2A66C5-4601-4DF6-8723-D5C3DE2EB7DE}.Debug|Any CPU.Build.0 = Debug|Any CPU
		{DA2A66C5-4601-4DF6-8723-D5C3DE2EB7DE}.Release|Any CPU.ActiveCfg = Release|Any CPU
		{DA2A66C5-4601-4DF6-8723-D5C3DE2EB7DE}.Release|Any CPU.Build.0 = Release|Any CPU
	EndGlobalSection
	GlobalSection(SolutionProperties) = preSolution
		HideSolutionNode = FALSE
	EndGlobalSection
	GlobalSection(ExtensibilityGlobals) = postSolution
		SolutionGuid = {79944D59-0D32-4CBF-A124-8BDD9C3A4E43}
	EndGlobalSection
EndGlobal
